
Microsoft Visual Studio Solution File, Format Version 12.00
# Visual Studio Version 17
VisualStudioVersion = 17.9.34728.123
MinimumVisualStudioVersion = 10.0.40219.1
Project("{8BC9CEB8-8B4A-11D0-8D11-00A0C91BC942}") = "GreenTriangle", "sources\GreenTriangle\GreenTriangle.vcxproj", "{86B3E403-EE47-4849-A490-B7492ADDB628}"
EndProject
Project("{8BC9CEB8-8B4A-11D0-8D11-00A0C91BC942}") = "Vasarely", "sources\Vasarely\Vasarely.vcxproj", "{6C6B8DFF-32B6-4289-9869-E4A571FB238D}"
EndProject
Project("{8BC9CEB8-8B4A-11D0-8D11-00A0C91BC942}") = "RotatingTriangleAndPolyline", "sources\RotatingTriangleAndPolyline\RotatingTriangleAndPolyline.vcxproj", "{E5ACF543-C2BE-45CD-8FD0-F5475E8352BA}"
EndProject
Project("{8BC9CEB8-8B4A-11D0-8D11-00A0C91BC942}") = "Tesseract", "sources\Tesseract\Tesseract.vcxproj", "{6C036321-E8A7-4066-8C86-BD4C3E2D94DA}"
EndProject
Project("{8BC9CEB8-8B4A-11D0-8D11-00A0C91BC942}") = "TriangleLines", "sources\TriangleLines\TriangleLines.vcxproj", "{364B8B23-82AA-4567-9786-BAF456B164B7}"
EndProject
Project("{8BC9CEB8-8B4A-11D0-8D11-00A0C91BC942}") = "HF1", "sources\HF1\HF1.vcxproj", "{700DF027-45A2-4449-AA2D-166A327A1740}"
EndProject
Project("{8BC9CEB8-8B4A-11D0-8D11-00A0C91BC942}") = "HF2", "sources\HF2\HF2.vcxproj", "{62EF94E8-D303-46D3-8C46-B6BB8DAA2AC1}"
EndProject
Project("{8BC9CEB8-8B4A-11D0-8D11-00A0C91BC942}") = "Bezier", "sources\Bezier\Bezier.vcxproj", "{46D7D8EE-63DC-4664-AA51-5016D0517399}"
EndProject
Project("{8BC9CEB8-8B4A-11D0-8D11-00A0C91BC942}") = "CatmullRomSpline", "sources\CatmullRomSpline\CatmullRomSpline.vcxproj", "{206A3F7C-7526-487D-8981-A1162EB9D6FB}"
EndProject
Project("{8BC9CEB8-8B4A-11D0-8D11-00A0C91BC942}") = "HF3", "sources\HF3\HF3.vcxproj", "{193C1A0C-C9CF-40F1-AB2C-854C971EF107}"
EndProject
Project("{8BC9CEB8-8B4A-11D0-8D11-00A0C91BC942}") = "HF4", "sources\HF4\HF4.vcxproj", "{8BCE6B44-36CE-4CCC-8821-C3BC1610FD9E}"
EndProject
Project("{8BC9CEB8-8B4A-11D0-8D11-00A0C91BC942}") = "CPURayTracing", "sources\CPURayTracing\CPURayTracing.vcxproj", "{984ADFF0-48B7-47D9-9984-680A584C992E}"
EndProject
Project("{8BC9CEB8-8B4A-11D0-8D11-00A0C91BC942}") = "3Dmotorka", "sources\3Dmotorka\3Dmotorka.vcxproj", "{CD95C7D1-918C-428C-A7F9-A6EEFDEA5166}"
EndProject
Project("{8BC9CEB8-8B4A-11D0-8D11-00A0C91BC942}") = "HF5", "sources\HF5\HF5.vcxproj", "{DD9AA38D-C309-4751-B447-2B2347B516E9}"
EndProject
Project("{8BC9CEB8-8B4A-11D0-8D11-00A0C91BC942}") = "ShaderTriangle", "sources\ShaderTriangle\ShaderTriangle.vcxproj", "{B717B7EE-5012-45E7-8864-24CCC0D3878F}"
EndProject
Project("{8BC9CEB8-8B4A-11D0-8D11-00A0C91BC942}") = "ConvexHull", "sources\ConvexHull\ConvexHull.vcxproj", "{4CBF6BD0-EAF2-4BC1-B893-A9BA0784236C}"
EndProject
Project("{8BC9CEB8-8B4A-11D0-8D11-00A0C91BC942}") = "LagrangeCurve", "sources\LagrangeCurve\LagrangeCurve.vcxproj", "{CE826776-63D1-4E66-B44F-062DB4975110}"
EndProject
Project("{8BC9CEB8-8B4A-11D0-8D11-00A0C91BC942}") = "ClassicCurves", "sources\ClassicCurves\ClassicCurves.vcxproj", "{F5206BD2-959A-46FD-AEC7-607EE98E6124}"
EndProject
Project("{8BC9CEB8-8B4A-11D0-8D11-00A0C91BC942}") = "Barycentric", "sources\Barycentric\Barycentric.vcxproj", "{6B2E2819-7AF1-457A-B17B-24B1249CA14E}"
EndProject
Project("{8BC9CEB8-8B4A-11D0-8D11-00A0C91BC942}") = "PixelDrivenRendering", "sources\PixelDrivenRendering\PixelDrivenRendering.vcxproj", "{2DAC89AF-ABA8-456E-8F17-09CD610EA900}"
EndProject
Project("{8BC9CEB8-8B4A-11D0-8D11-00A0C91BC942}") = "PolygonTriangulation", "sources\PolygonTriangulation\PolygonTriangulation.vcxproj", "{8361DDBF-203C-4600-8BD0-D8736FDD61B0}"
EndProject
Project("{8BC9CEB8-8B4A-11D0-8D11-00A0C91BC942}") = "SutherlandHodgmanPolygonClipping", "sources\SutherlandHodgmanPolygonClipping\SutherlandHodgmanPolygonClipping.vcxproj", "{BE9BE29C-5B5C-443C-AE4F-769C32D95BE7}"
EndProject
Project("{8BC9CEB8-8B4A-11D0-8D11-00A0C91BC942}") = "Rasterization", "sources\Rasterization\Rasterization.vcxproj", "{97973793-80EA-41F1-8278-DD701CF88CFB}"
EndProject
Project("{8BC9CEB8-8B4A-11D0-8D11-00A0C91BC942}") = "ShaderTextureMagic", "sources\ShaderTextureMagic\ShaderTextureMagic.vcxproj", "{FBA27027-EF8B-48B9-A837-D7C042904300}"
EndProject
Project("{8BC9CEB8-8B4A-11D0-8D11-00A0C91BC942}") = "ComplexTransformations", "sources\ComplexTransformations\ComplexTransformations.vcxproj", "{1B5BD235-06B5-422A-8E33-9C08CF7D9CA1}"
EndProject
Project("{8BC9CEB8-8B4A-11D0-8D11-00A0C91BC942}") = "Flag3D", "sources\Flag3D\Flag3D.vcxproj", "{ED66E93A-3809-4A3F-A210-4361F6094A90}"
EndProject
Project("{8BC9CEB8-8B4A-11D0-8D11-00A0C91BC942}") = "ParamSurfaces", "sources\ParamSurfaces\ParamSurfaces.vcxproj", "{3207B663-0629-42FE-A65A-CE2724F50E3D}"
EndProject
Project("{8BC9CEB8-8B4A-11D0-8D11-00A0C91BC942}") = "Quaternion", "sources\Quaternion\Quaternion.vcxproj", "{0AACD39F-EA22-4B26-A7DE-4CEF2399E6F5}"
EndProject
Project("{8BC9CEB8-8B4A-11D0-8D11-00A0C91BC942}") = "FrenetFrame", "sources\FrenetFrame\FrenetFrame.vcxproj", "{C6106207-B7F4-4580-9678-2B77431C1BBC}"
EndProject
Project("{8BC9CEB8-8B4A-11D0-8D11-00A0C91BC942}") = "GeometryShaderNormals", "sources\GeometryShaderNormals\GeometryShaderNormals.vcxproj", "{7FF8347C-8D57-45EB-84B2-AFA091882924}"
EndProject
Project("{8BC9CEB8-8B4A-11D0-8D11-00A0C91BC942}") = "FreeformSurfacesBezier", "sources\FreeformSurfacesBezier\FreeformSurfacesBezier.vcxproj", "{8487B879-0530-459D-B9E0-045867252406}"
EndProject
Project("{8BC9CEB8-8B4A-11D0-8D11-00A0C91BC942}") = "JuliaSet", "sources\JuliaSet\JuliaSet.vcxproj", "{702A6AF4-D523-40DB-A09C-88BFEF7DDDB7}"
EndProject
Project("{8BC9CEB8-8B4A-11D0-8D11-00A0C91BC942}") = "MandelbrotSet", "sources\MandelbrotSet\MandelbrotSet.vcxproj", "{6A367C7B-D01B-45DE-9AF8-A229BE464EF8}"
EndProject
Project("{8BC9CEB8-8B4A-11D0-8D11-00A0C91BC942}") = "PerlinNoise", "sources\PerlinNoise\PerlinNoise.vcxproj", "{82C00082-4F32-4BCA-8D1E-C4211141447B}"
EndProject
Project("{8BC9CEB8-8B4A-11D0-8D11-00A0C91BC942}") = "PerlinNoise3D", "sources\PerlinNoise3D\PerlinNoise3D.vcxproj", "{16403311-25C6-479B-9868-B396395E14F0}"
EndProject
Project("{8BC9CEB8-8B4A-11D0-8D11-00A0C91BC942}") = "RayMarching", "sources\RayMarching\RayMarching.vcxproj", "{ACEC220A-F58A-459B-93DD-C8B65983AA68}"
EndProject
Global
	GlobalSection(SolutionConfigurationPlatforms) = preSolution
		Debug|x64 = Debug|x64
		Debug|x86 = Debug|x86
		Release|x64 = Release|x64
		Release|x86 = Release|x86
	EndGlobalSection
	GlobalSection(ProjectConfigurationPlatforms) = postSolution
		{86B3E403-EE47-4849-A490-B7492ADDB628}.Debug|x64.ActiveCfg = Debug|x64
		{86B3E403-EE47-4849-A490-B7492ADDB628}.Debug|x64.Build.0 = Debug|x64
		{86B3E403-EE47-4849-A490-B7492ADDB628}.Debug|x86.ActiveCfg = Debug|Win32
		{86B3E403-EE47-4849-A490-B7492ADDB628}.Debug|x86.Build.0 = Debug|Win32
		{86B3E403-EE47-4849-A490-B7492ADDB628}.Release|x64.ActiveCfg = Release|x64
		{86B3E403-EE47-4849-A490-B7492ADDB628}.Release|x64.Build.0 = Release|x64
		{86B3E403-EE47-4849-A490-B7492ADDB628}.Release|x86.ActiveCfg = Release|Win32
		{86B3E403-EE47-4849-A490-B7492ADDB628}.Release|x86.Build.0 = Release|Win32
		{6C6B8DFF-32B6-4289-9869-E4A571FB238D}.Debug|x64.ActiveCfg = Debug|x64
		{6C6B8DFF-32B6-4289-9869-E4A571FB238D}.Debug|x64.Build.0 = Debug|x64
		{6C6B8DFF-32B6-4289-9869-E4A571FB238D}.Debug|x86.ActiveCfg = Debug|Win32
		{6C6B8DFF-32B6-4289-9869-E4A571FB238D}.Debug|x86.Build.0 = Debug|Win32
		{6C6B8DFF-32B6-4289-9869-E4A571FB238D}.Release|x64.ActiveCfg = Release|x64
		{6C6B8DFF-32B6-4289-9869-E4A571FB238D}.Release|x64.Build.0 = Release|x64
		{6C6B8DFF-32B6-4289-9869-E4A571FB238D}.Release|x86.ActiveCfg = Release|Win32
		{6C6B8DFF-32B6-4289-9869-E4A571FB238D}.Release|x86.Build.0 = Release|Win32
		{E5ACF543-C2BE-45CD-8FD0-F5475E8352BA}.Debug|x64.ActiveCfg = Debug|x64
		{E5ACF543-C2BE-45CD-8FD0-F5475E8352BA}.Debug|x64.Build.0 = Debug|x64
		{E5ACF543-C2BE-45CD-8FD0-F5475E8352BA}.Debug|x86.ActiveCfg = Debug|Win32
		{E5ACF543-C2BE-45CD-8FD0-F5475E8352BA}.Debug|x86.Build.0 = Debug|Win32
		{E5ACF543-C2BE-45CD-8FD0-F5475E8352BA}.Release|x64.ActiveCfg = Release|x64
		{E5ACF543-C2BE-45CD-8FD0-F5475E8352BA}.Release|x64.Build.0 = Release|x64
		{E5ACF543-C2BE-45CD-8FD0-F5475E8352BA}.Release|x86.ActiveCfg = Release|Win32
		{E5ACF543-C2BE-45CD-8FD0-F5475E8352BA}.Release|x86.Build.0 = Release|Win32
		{6C036321-E8A7-4066-8C86-BD4C3E2D94DA}.Debug|x64.ActiveCfg = Debug|x64
		{6C036321-E8A7-4066-8C86-BD4C3E2D94DA}.Debug|x64.Build.0 = Debug|x64
		{6C036321-E8A7-4066-8C86-BD4C3E2D94DA}.Debug|x86.ActiveCfg = Debug|Win32
		{6C036321-E8A7-4066-8C86-BD4C3E2D94DA}.Debug|x86.Build.0 = Debug|Win32
		{6C036321-E8A7-4066-8C86-BD4C3E2D94DA}.Release|x64.ActiveCfg = Release|x64
		{6C036321-E8A7-4066-8C86-BD4C3E2D94DA}.Release|x64.Build.0 = Release|x64
		{6C036321-E8A7-4066-8C86-BD4C3E2D94DA}.Release|x86.ActiveCfg = Release|Win32
		{6C036321-E8A7-4066-8C86-BD4C3E2D94DA}.Release|x86.Build.0 = Release|Win32
		{364B8B23-82AA-4567-9786-BAF456B164B7}.Debug|x64.ActiveCfg = Debug|x64
		{364B8B23-82AA-4567-9786-BAF456B164B7}.Debug|x64.Build.0 = Debug|x64
		{364B8B23-82AA-4567-9786-BAF456B164B7}.Debug|x86.ActiveCfg = Debug|Win32
		{364B8B23-82AA-4567-9786-BAF456B164B7}.Debug|x86.Build.0 = Debug|Win32
		{364B8B23-82AA-4567-9786-BAF456B164B7}.Release|x64.ActiveCfg = Release|x64
		{364B8B23-82AA-4567-9786-BAF456B164B7}.Release|x64.Build.0 = Release|x64
		{364B8B23-82AA-4567-9786-BAF456B164B7}.Release|x86.ActiveCfg = Release|Win32
		{364B8B23-82AA-4567-9786-BAF456B164B7}.Release|x86.Build.0 = Release|Win32
		{700DF027-45A2-4449-AA2D-166A327A1740}.Debug|x64.ActiveCfg = Debug|x64
		{700DF027-45A2-4449-AA2D-166A327A1740}.Debug|x64.Build.0 = Debug|x64
		{700DF027-45A2-4449-AA2D-166A327A1740}.Debug|x86.ActiveCfg = Debug|Win32
		{700DF027-45A2-4449-AA2D-166A327A1740}.Debug|x86.Build.0 = Debug|Win32
		{700DF027-45A2-4449-AA2D-166A327A1740}.Release|x64.ActiveCfg = Release|x64
		{700DF027-45A2-4449-AA2D-166A327A1740}.Release|x64.Build.0 = Release|x64
		{700DF027-45A2-4449-AA2D-166A327A1740}.Release|x86.ActiveCfg = Release|Win32
		{700DF027-45A2-4449-AA2D-166A327A1740}.Release|x86.Build.0 = Release|Win32
		{62EF94E8-D303-46D3-8C46-B6BB8DAA2AC1}.Debug|x64.ActiveCfg = Debug|x64
		{62EF94E8-D303-46D3-8C46-B6BB8DAA2AC1}.Debug|x64.Build.0 = Debug|x64
		{62EF94E8-D303-46D3-8C46-B6BB8DAA2AC1}.Debug|x86.ActiveCfg = Debug|Win32
		{62EF94E8-D303-46D3-8C46-B6BB8DAA2AC1}.Debug|x86.Build.0 = Debug|Win32
		{62EF94E8-D303-46D3-8C46-B6BB8DAA2AC1}.Release|x64.ActiveCfg = Release|x64
		{62EF94E8-D303-46D3-8C46-B6BB8DAA2AC1}.Release|x64.Build.0 = Release|x64
		{62EF94E8-D303-46D3-8C46-B6BB8DAA2AC1}.Release|x86.ActiveCfg = Release|Win32
		{62EF94E8-D303-46D3-8C46-B6BB8DAA2AC1}.Release|x86.Build.0 = Release|Win32
		{46D7D8EE-63DC-4664-AA51-5016D0517399}.Debug|x64.ActiveCfg = Debug|x64
		{46D7D8EE-63DC-4664-AA51-5016D0517399}.Debug|x64.Build.0 = Debug|x64
		{46D7D8EE-63DC-4664-AA51-5016D0517399}.Debug|x86.ActiveCfg = Debug|Win32
		{46D7D8EE-63DC-4664-AA51-5016D0517399}.Debug|x86.Build.0 = Debug|Win32
		{46D7D8EE-63DC-4664-AA51-5016D0517399}.Release|x64.ActiveCfg = Release|x64
		{46D7D8EE-63DC-4664-AA51-5016D0517399}.Release|x64.Build.0 = Release|x64
		{46D7D8EE-63DC-4664-AA51-5016D0517399}.Release|x86.ActiveCfg = Release|Win32
		{46D7D8EE-63DC-4664-AA51-5016D0517399}.Release|x86.Build.0 = Release|Win32
		{206A3F7C-7526-487D-8981-A1162EB9D6FB}.Debug|x64.ActiveCfg = Debug|x64
		{206A3F7C-7526-487D-8981-A1162EB9D6FB}.Debug|x64.Build.0 = Debug|x64
		{206A3F7C-7526-487D-8981-A1162EB9D6FB}.Debug|x86.ActiveCfg = Debug|Win32
		{206A3F7C-7526-487D-8981-A1162EB9D6FB}.Debug|x86.Build.0 = Debug|Win32
		{206A3F7C-7526-487D-8981-A1162EB9D6FB}.Release|x64.ActiveCfg = Release|x64
		{206A3F7C-7526-487D-8981-A1162EB9D6FB}.Release|x64.Build.0 = Release|x64
		{206A3F7C-7526-487D-8981-A1162EB9D6FB}.Release|x86.ActiveCfg = Release|Win32
		{206A3F7C-7526-487D-8981-A1162EB9D6FB}.Release|x86.Build.0 = Release|Win32
		{193C1A0C-C9CF-40F1-AB2C-854C971EF107}.Debug|x64.ActiveCfg = Debug|x64
		{193C1A0C-C9CF-40F1-AB2C-854C971EF107}.Debug|x64.Build.0 = Debug|x64
		{193C1A0C-C9CF-40F1-AB2C-854C971EF107}.Debug|x86.ActiveCfg = Debug|Win32
		{193C1A0C-C9CF-40F1-AB2C-854C971EF107}.Debug|x86.Build.0 = Debug|Win32
		{193C1A0C-C9CF-40F1-AB2C-854C971EF107}.Release|x64.ActiveCfg = Release|x64
		{193C1A0C-C9CF-40F1-AB2C-854C971EF107}.Release|x64.Build.0 = Release|x64
		{193C1A0C-C9CF-40F1-AB2C-854C971EF107}.Release|x86.ActiveCfg = Release|Win32
		{193C1A0C-C9CF-40F1-AB2C-854C971EF107}.Release|x86.Build.0 = Release|Win32
		{8BCE6B44-36CE-4CCC-8821-C3BC1610FD9E}.Debug|x64.ActiveCfg = Debug|x64
		{8BCE6B44-36CE-4CCC-8821-C3BC1610FD9E}.Debug|x64.Build.0 = Debug|x64
		{8BCE6B44-36CE-4CCC-8821-C3BC1610FD9E}.Debug|x86.ActiveCfg = Debug|Win32
		{8BCE6B44-36CE-4CCC-8821-C3BC1610FD9E}.Debug|x86.Build.0 = Debug|Win32
		{8BCE6B44-36CE-4CCC-8821-C3BC1610FD9E}.Release|x64.ActiveCfg = Release|x64
		{8BCE6B44-36CE-4CCC-8821-C3BC1610FD9E}.Release|x64.Build.0 = Release|x64
		{8BCE6B44-36CE-4CCC-8821-C3BC1610FD9E}.Release|x86.ActiveCfg = Release|Win32
		{8BCE6B44-36CE-4CCC-8821-C3BC1610FD9E}.Release|x86.Build.0 = Release|Win32
		{984ADFF0-48B7-47D9-9984-680A584C992E}.Debug|x64.ActiveCfg = Debug|x64
		{984ADFF0-48B7-47D9-9984-680A584C992E}.Debug|x64.Build.0 = Debug|x64
		{984ADFF0-48B7-47D9-9984-680A584C992E}.Debug|x86.ActiveCfg = Debug|Win32
		{984ADFF0-48B7-47D9-9984-680A584C992E}.Debug|x86.Build.0 = Debug|Win32
		{984ADFF0-48B7-47D9-9984-680A584C992E}.Release|x64.ActiveCfg = Release|x64
		{984ADFF0-48B7-47D9-9984-680A584C992E}.Release|x64.Build.0 = Release|x64
		{984ADFF0-48B7-47D9-9984-680A584C992E}.Release|x86.ActiveCfg = Release|Win32
		{984ADFF0-48B7-47D9-9984-680A584C992E}.Release|x86.Build.0 = Release|Win32
		{CD95C7D1-918C-428C-A7F9-A6EEFDEA5166}.Debug|x64.ActiveCfg = Debug|x64
		{CD95C7D1-918C-428C-A7F9-A6EEFDEA5166}.Debug|x64.Build.0 = Debug|x64
		{CD95C7D1-918C-428C-A7F9-A6EEFDEA5166}.Debug|x86.ActiveCfg = Debug|Win32
		{CD95C7D1-918C-428C-A7F9-A6EEFDEA5166}.Debug|x86.Build.0 = Debug|Win32
		{CD95C7D1-918C-428C-A7F9-A6EEFDEA5166}.Release|x64.ActiveCfg = Release|x64
		{CD95C7D1-918C-428C-A7F9-A6EEFDEA5166}.Release|x64.Build.0 = Release|x64
		{CD95C7D1-918C-428C-A7F9-A6EEFDEA5166}.Release|x86.ActiveCfg = Release|Win32
		{CD95C7D1-918C-428C-A7F9-A6EEFDEA5166}.Release|x86.Build.0 = Release|Win32
		{DD9AA38D-C309-4751-B447-2B2347B516E9}.Debug|x64.ActiveCfg = Debug|x64
		{DD9AA38D-C309-4751-B447-2B2347B516E9}.Debug|x64.Build.0 = Debug|x64
		{DD9AA38D-C309-4751-B447-2B2347B516E9}.Debug|x86.ActiveCfg = Debug|Win32
		{DD9AA38D-C309-4751-B447-2B2347B516E9}.Debug|x86.Build.0 = Debug|Win32
		{DD9AA38D-C309-4751-B447-2B2347B516E9}.Release|x64.ActiveCfg = Release|x64
		{DD9AA38D-C309-4751-B447-2B2347B516E9}.Release|x64.Build.0 = Release|x64
		{DD9AA38D-C309-4751-B447-2B2347B516E9}.Release|x86.ActiveCfg = Release|Win32
		{DD9AA38D-C309-4751-B447-2B2347B516E9}.Release|x86.Build.0 = Release|Win32
		{B717B7EE-5012-45E7-8864-24CCC0D3878F}.Debug|x64.ActiveCfg = Debug|x64
		{B717B7EE-5012-45E7-8864-24CCC0D3878F}.Debug|x64.Build.0 = Debug|x64
		{B717B7EE-5012-45E7-8864-24CCC0D3878F}.Debug|x86.ActiveCfg = Debug|Win32
		{B717B7EE-5012-45E7-8864-24CCC0D3878F}.Debug|x86.Build.0 = Debug|Win32
		{B717B7EE-5012-45E7-8864-24CCC0D3878F}.Release|x64.ActiveCfg = Release|x64
		{B717B7EE-5012-45E7-8864-24CCC0D3878F}.Release|x64.Build.0 = Release|x64
		{B717B7EE-5012-45E7-8864-24CCC0D3878F}.Release|x86.ActiveCfg = Release|Win32
		{B717B7EE-5012-45E7-8864-24CCC0D3878F}.Release|x86.Build.0 = Release|Win32
		{4CBF6BD0-EAF2-4BC1-B893-A9BA0784236C}.Debug|x64.ActiveCfg = Debug|x64
		{4CBF6BD0-EAF2-4BC1-B893-A9BA0784236C}.Debug|x64.Build.0 = Debug|x64
		{4CBF6BD0-EAF2-4BC1-B893-A9BA0784236C}.Debug|x86.ActiveCfg = Debug|Win32
		{4CBF6BD0-EAF2-4BC1-B893-A9BA0784236C}.Debug|x86.Build.0 = Debug|Win32
		{4CBF6BD0-EAF2-4BC1-B893-A9BA0784236C}.Release|x64.ActiveCfg = Release|x64
		{4CBF6BD0-EAF2-4BC1-B893-A9BA0784236C}.Release|x64.Build.0 = Release|x64
		{4CBF6BD0-EAF2-4BC1-B893-A9BA0784236C}.Release|x86.ActiveCfg = Release|Win32
		{4CBF6BD0-EAF2-4BC1-B893-A9BA0784236C}.Release|x86.Build.0 = Release|Win32
		{CE826776-63D1-4E66-B44F-062DB4975110}.Debug|x64.ActiveCfg = Debug|x64
		{CE826776-63D1-4E66-B44F-062DB4975110}.Debug|x64.Build.0 = Debug|x64
		{CE826776-63D1-4E66-B44F-062DB4975110}.Debug|x86.ActiveCfg = Debug|Win32
		{CE826776-63D1-4E66-B44F-062DB4975110}.Debug|x86.Build.0 = Debug|Win32
		{CE826776-63D1-4E66-B44F-062DB4975110}.Release|x64.ActiveCfg = Release|x64
		{CE826776-63D1-4E66-B44F-062DB4975110}.Release|x64.Build.0 = Release|x64
		{CE826776-63D1-4E66-B44F-062DB4975110}.Release|x86.ActiveCfg = Release|Win32
		{CE826776-63D1-4E66-B44F-062DB4975110}.Release|x86.Build.0 = Release|Win32
		{F5206BD2-959A-46FD-AEC7-607EE98E6124}.Debug|x64.ActiveCfg = Debug|x64
		{F5206BD2-959A-46FD-AEC7-607EE98E6124}.Debug|x64.Build.0 = Debug|x64
		{F5206BD2-959A-46FD-AEC7-607EE98E6124}.Debug|x86.ActiveCfg = Debug|Win32
		{F5206BD2-959A-46FD-AEC7-607EE98E6124}.Debug|x86.Build.0 = Debug|Win32
		{F5206BD2-959A-46FD-AEC7-607EE98E6124}.Release|x64.ActiveCfg = Release|x64
		{F5206BD2-959A-46FD-AEC7-607EE98E6124}.Release|x64.Build.0 = Release|x64
		{F5206BD2-959A-46FD-AEC7-607EE98E6124}.Release|x86.ActiveCfg = Release|Win32
		{F5206BD2-959A-46FD-AEC7-607EE98E6124}.Release|x86.Build.0 = Release|Win32
		{6B2E2819-7AF1-457A-B17B-24B1249CA14E}.Debug|x64.ActiveCfg = Debug|x64
		{6B2E2819-7AF1-457A-B17B-24B1249CA14E}.Debug|x64.Build.0 = Debug|x64
		{6B2E2819-7AF1-457A-B17B-24B1249CA14E}.Debug|x86.ActiveCfg = Debug|Win32
		{6B2E2819-7AF1-457A-B17B-24B1249CA14E}.Debug|x86.Build.0 = Debug|Win32
		{6B2E2819-7AF1-457A-B17B-24B1249CA14E}.Release|x64.ActiveCfg = Release|x64
		{6B2E2819-7AF1-457A-B17B-24B1249CA14E}.Release|x64.Build.0 = Release|x64
		{6B2E2819-7AF1-457A-B17B-24B1249CA14E}.Release|x86.ActiveCfg = Release|Win32
		{6B2E2819-7AF1-457A-B17B-24B1249CA14E}.Release|x86.Build.0 = Release|Win32
		{2DAC89AF-ABA8-456E-8F17-09CD610EA900}.Debug|x64.ActiveCfg = Debug|x64
		{2DAC89AF-ABA8-456E-8F17-09CD610EA900}.Debug|x64.Build.0 = Debug|x64
		{2DAC89AF-ABA8-456E-8F17-09CD610EA900}.Debug|x86.ActiveCfg = Debug|Win32
		{2DAC89AF-ABA8-456E-8F17-09CD610EA900}.Debug|x86.Build.0 = Debug|Win32
		{2DAC89AF-ABA8-456E-8F17-09CD610EA900}.Release|x64.ActiveCfg = Release|x64
		{2DAC89AF-ABA8-456E-8F17-09CD610EA900}.Release|x64.Build.0 = Release|x64
		{2DAC89AF-ABA8-456E-8F17-09CD610EA900}.Release|x86.ActiveCfg = Release|Win32
		{2DAC89AF-ABA8-456E-8F17-09CD610EA900}.Release|x86.Build.0 = Release|Win32
		{8361DDBF-203C-4600-8BD0-D8736FDD61B0}.Debug|x64.ActiveCfg = Debug|x64
		{8361DDBF-203C-4600-8BD0-D8736FDD61B0}.Debug|x64.Build.0 = Debug|x64
		{8361DDBF-203C-4600-8BD0-D8736FDD61B0}.Debug|x86.ActiveCfg = Debug|Win32
		{8361DDBF-203C-4600-8BD0-D8736FDD61B0}.Debug|x86.Build.0 = Debug|Win32
		{8361DDBF-203C-4600-8BD0-D8736FDD61B0}.Release|x64.ActiveCfg = Release|x64
		{8361DDBF-203C-4600-8BD0-D8736FDD61B0}.Release|x64.Build.0 = Release|x64
		{8361DDBF-203C-4600-8BD0-D8736FDD61B0}.Release|x86.ActiveCfg = Release|Win32
		{8361DDBF-203C-4600-8BD0-D8736FDD61B0}.Release|x86.Build.0 = Release|Win32
		{BE9BE29C-5B5C-443C-AE4F-769C32D95BE7}.Debug|x64.ActiveCfg = Debug|x64
		{BE9BE29C-5B5C-443C-AE4F-769C32D95BE7}.Debug|x64.Build.0 = Debug|x64
		{BE9BE29C-5B5C-443C-AE4F-769C32D95BE7}.Debug|x86.ActiveCfg = Debug|Win32
		{BE9BE29C-5B5C-443C-AE4F-769C32D95BE7}.Debug|x86.Build.0 = Debug|Win32
		{BE9BE29C-5B5C-443C-AE4F-769C32D95BE7}.Release|x64.ActiveCfg = Release|x64
		{BE9BE29C-5B5C-443C-AE4F-769C32D95BE7}.Release|x64.Build.0 = Release|x64
		{BE9BE29C-5B5C-443C-AE4F-769C32D95BE7}.Release|x86.ActiveCfg = Release|Win32
		{BE9BE29C-5B5C-443C-AE4F-769C32D95BE7}.Release|x86.Build.0 = Release|Win32
		{97973793-80EA-41F1-8278-DD701CF88CFB}.Debug|x64.ActiveCfg = Debug|x64
		{97973793-80EA-41F1-8278-DD701CF88CFB}.Debug|x64.Build.0 = Debug|x64
		{97973793-80EA-41F1-8278-DD701CF88CFB}.Debug|x86.ActiveCfg = Debug|Win32
		{97973793-80EA-41F1-8278-DD701CF88CFB}.Debug|x86.Build.0 = Debug|Win32
		{97973793-80EA-41F1-8278-DD701CF88CFB}.Release|x64.ActiveCfg = Release|x64
		{97973793-80EA-41F1-8278-DD701CF88CFB}.Release|x64.Build.0 = Release|x64
		{97973793-80EA-41F1-8278-DD701CF88CFB}.Release|x86.ActiveCfg = Release|Win32
		{97973793-80EA-41F1-8278-DD701CF88CFB}.Release|x86.Build.0 = Release|Win32
		{FBA27027-EF8B-48B9-A837-D7C042904300}.Debug|x64.ActiveCfg = Debug|x64
		{FBA27027-EF8B-48B9-A837-D7C042904300}.Debug|x64.Build.0 = Debug|x64
		{FBA27027-EF8B-48B9-A837-D7C042904300}.Debug|x86.ActiveCfg = Debug|Win32
		{FBA27027-EF8B-48B9-A837-D7C042904300}.Debug|x86.Build.0 = Debug|Win32
		{FBA27027-EF8B-48B9-A837-D7C042904300}.Release|x64.ActiveCfg = Release|x64
		{FBA27027-EF8B-48B9-A837-D7C042904300}.Release|x64.Build.0 = Release|x64
		{FBA27027-EF8B-48B9-A837-D7C042904300}.Release|x86.ActiveCfg = Release|Win32
		{FBA27027-EF8B-48B9-A837-D7C042904300}.Release|x86.Build.0 = Release|Win32
		{1B5BD235-06B5-422A-8E33-9C08CF7D9CA1}.Debug|x64.ActiveCfg = Debug|x64
		{1B5BD235-06B5-422A-8E33-9C08CF7D9CA1}.Debug|x64.Build.0 = Debug|x64
		{1B5BD235-06B5-422A-8E33-9C08CF7D9CA1}.Debug|x86.ActiveCfg = Debug|Win32
		{1B5BD235-06B5-422A-8E33-9C08CF7D9CA1}.Debug|x86.Build.0 = Debug|Win32
		{1B5BD235-06B5-422A-8E33-9C08CF7D9CA1}.Release|x64.ActiveCfg = Release|x64
		{1B5BD235-06B5-422A-8E33-9C08CF7D9CA1}.Release|x64.Build.0 = Release|x64
		{1B5BD235-06B5-422A-8E33-9C08CF7D9CA1}.Release|x86.ActiveCfg = Release|Win32
		{1B5BD235-06B5-422A-8E33-9C08CF7D9CA1}.Release|x86.Build.0 = Release|Win32
		{ED66E93A-3809-4A3F-A210-4361F6094A90}.Debug|x64.ActiveCfg = Debug|x64
		{ED66E93A-3809-4A3F-A210-4361F6094A90}.Debug|x64.Build.0 = Debug|x64
		{ED66E93A-3809-4A3F-A210-4361F6094A90}.Debug|x86.ActiveCfg = Debug|Win32
		{ED66E93A-3809-4A3F-A210-4361F6094A90}.Debug|x86.Build.0 = Debug|Win32
		{ED66E93A-3809-4A3F-A210-4361F6094A90}.Release|x64.ActiveCfg = Release|x64
		{ED66E93A-3809-4A3F-A210-4361F6094A90}.Release|x64.Build.0 = Release|x64
		{ED66E93A-3809-4A3F-A210-4361F6094A90}.Release|x86.ActiveCfg = Release|Win32
		{ED66E93A-3809-4A3F-A210-4361F6094A90}.Release|x86.Build.0 = Release|Win32
		{3207B663-0629-42FE-A65A-CE2724F50E3D}.Debug|x64.ActiveCfg = Debug|x64
		{3207B663-0629-42FE-A65A-CE2724F50E3D}.Debug|x64.Build.0 = Debug|x64
		{3207B663-0629-42FE-A65A-CE2724F50E3D}.Debug|x86.ActiveCfg = Debug|Win32
		{3207B663-0629-42FE-A65A-CE2724F50E3D}.Debug|x86.Build.0 = Debug|Win32
		{3207B663-0629-42FE-A65A-CE2724F50E3D}.Release|x64.ActiveCfg = Release|x64
		{3207B663-0629-42FE-A65A-CE2724F50E3D}.Release|x64.Build.0 = Release|x64
		{3207B663-0629-42FE-A65A-CE2724F50E3D}.Release|x86.ActiveCfg = Release|Win32
		{3207B663-0629-42FE-A65A-CE2724F50E3D}.Release|x86.Build.0 = Release|Win32
		{0AACD39F-EA22-4B26-A7DE-4CEF2399E6F5}.Debug|x64.ActiveCfg = Debug|x64
		{0AACD39F-EA22-4B26-A7DE-4CEF2399E6F5}.Debug|x64.Build.0 = Debug|x64
		{0AACD39F-EA22-4B26-A7DE-4CEF2399E6F5}.Debug|x86.ActiveCfg = Debug|Win32
		{0AACD39F-EA22-4B26-A7DE-4CEF2399E6F5}.Debug|x86.Build.0 = Debug|Win32
		{0AACD39F-EA22-4B26-A7DE-4CEF2399E6F5}.Release|x64.ActiveCfg = Release|x64
		{0AACD39F-EA22-4B26-A7DE-4CEF2399E6F5}.Release|x64.Build.0 = Release|x64
		{0AACD39F-EA22-4B26-A7DE-4CEF2399E6F5}.Release|x86.ActiveCfg = Release|Win32
		{0AACD39F-EA22-4B26-A7DE-4CEF2399E6F5}.Release|x86.Build.0 = Release|Win32
		{C6106207-B7F4-4580-9678-2B77431C1BBC}.Debug|x64.ActiveCfg = Debug|x64
		{C6106207-B7F4-4580-9678-2B77431C1BBC}.Debug|x64.Build.0 = Debug|x64
		{C6106207-B7F4-4580-9678-2B77431C1BBC}.Debug|x86.ActiveCfg = Debug|Win32
		{C6106207-B7F4-4580-9678-2B77431C1BBC}.Debug|x86.Build.0 = Debug|Win32
		{C6106207-B7F4-4580-9678-2B77431C1BBC}.Release|x64.ActiveCfg = Release|x64
		{C6106207-B7F4-4580-9678-2B77431C1BBC}.Release|x64.Build.0 = Release|x64
		{C6106207-B7F4-4580-9678-2B77431C1BBC}.Release|x86.ActiveCfg = Release|Win32
		{C6106207-B7F4-4580-9678-2B77431C1BBC}.Release|x86.Build.0 = Release|Win32
		{7FF8347C-8D57-45EB-84B2-AFA091882924}.Debug|x64.ActiveCfg = Debug|x64
		{7FF8347C-8D57-45EB-84B2-AFA091882924}.Debug|x64.Build.0 = Debug|x64
		{7FF8347C-8D57-45EB-84B2-AFA091882924}.Debug|x86.ActiveCfg = Debug|Win32
		{7FF8347C-8D57-45EB-84B2-AFA091882924}.Debug|x86.Build.0 = Debug|Win32
		{7FF8347C-8D57-45EB-84B2-AFA091882924}.Release|x64.ActiveCfg = Release|x64
		{7FF8347C-8D57-45EB-84B2-AFA091882924}.Release|x64.Build.0 = Release|x64
		{7FF8347C-8D57-45EB-84B2-AFA091882924}.Release|x86.ActiveCfg = Release|Win32
		{7FF8347C-8D57-45EB-84B2-AFA091882924}.Release|x86.Build.0 = Release|Win32
		{8487B879-0530-459D-B9E0-045867252406}.Debug|x64.ActiveCfg = Debug|x64
		{8487B879-0530-459D-B9E0-045867252406}.Debug|x64.Build.0 = Debug|x64
		{8487B879-0530-459D-B9E0-045867252406}.Debug|x86.ActiveCfg = Debug|Win32
		{8487B879-0530-459D-B9E0-045867252406}.Debug|x86.Build.0 = Debug|Win32
		{8487B879-0530-459D-B9E0-045867252406}.Release|x64.ActiveCfg = Release|x64
		{8487B879-0530-459D-B9E0-045867252406}.Release|x64.Build.0 = Release|x64
		{8487B879-0530-459D-B9E0-045867252406}.Release|x86.ActiveCfg = Release|Win32
		{8487B879-0530-459D-B9E0-045867252406}.Release|x86.Build.0 = Release|Win32
		{702A6AF4-D523-40DB-A09C-88BFEF7DDDB7}.Debug|x64.ActiveCfg = Debug|x64
		{702A6AF4-D523-40DB-A09C-88BFEF7DDDB7}.Debug|x64.Build.0 = Debug|x64
		{702A6AF4-D523-40DB-A09C-88BFEF7DDDB7}.Debug|x86.ActiveCfg = Debug|Win32
		{702A6AF4-D523-40DB-A09C-88BFEF7DDDB7}.Debug|x86.Build.0 = Debug|Win32
		{702A6AF4-D523-40DB-A09C-88BFEF7DDDB7}.Release|x64.ActiveCfg = Release|x64
		{702A6AF4-D523-40DB-A09C-88BFEF7DDDB7}.Release|x64.Build.0 = Release|x64
		{702A6AF4-D523-40DB-A09C-88BFEF7DDDB7}.Release|x86.ActiveCfg = Release|Win32
		{702A6AF4-D523-40DB-A09C-88BFEF7DDDB7}.Release|x86.Build.0 = Release|Win32
		{6A367C7B-D01B-45DE-9AF8-A229BE464EF8}.Debug|x64.ActiveCfg = Debug|x64
		{6A367C7B-D01B-45DE-9AF8-A229BE464EF8}.Debug|x64.Build.0 = Debug|x64
		{6A367C7B-D01B-45DE-9AF8-A229BE464EF8}.Debug|x86.ActiveCfg = Debug|Win32
		{6A367C7B-D01B-45DE-9AF8-A229BE464EF8}.Debug|x86.Build.0 = Debug|Win32
		{6A367C7B-D01B-45DE-9AF8-A229BE464EF8}.Release|x64.ActiveCfg = Release|x64
		{6A367C7B-D01B-45DE-9AF8-A229BE464EF8}.Release|x64.Build.0 = Release|x64
		{6A367C7B-D01B-45DE-9AF8-A229BE464EF8}.Release|x86.ActiveCfg = Release|Win32
		{6A367C7B-D01B-45DE-9AF8-A229BE464EF8}.Release|x86.Build.0 = Release|Win32
		{82C00082-4F32-4BCA-8D1E-C4211141447B}.Debug|x64.ActiveCfg = Debug|x64
		{82C00082-4F32-4BCA-8D1E-C4211141447B}.Debug|x64.Build.0 = Debug|x64
		{82C00082-4F32-4BCA-8D1E-C4211141447B}.Debug|x86.ActiveCfg = Debug|Win32
		{82C00082-4F32-4BCA-8D1E-C4211141447B}.Debug|x86.Build.0 = Debug|Win32
		{82C00082-4F32-4BCA-8D1E-C4211141447B}.Release|x64.ActiveCfg = Release|x64
		{82C00082-4F32-4BCA-8D1E-C4211141447B}.Release|x64.Build.0 = Release|x64
		{82C00082-4F32-4BCA-8D1E-C4211141447B}.Release|x86.ActiveCfg = Release|Win32
		{82C00082-4F32-4BCA-8D1E-C4211141447B}.Release|x86.Build.0 = Release|Win32
		{16403311-25C6-479B-9868-B396395E14F0}.Debug|x64.ActiveCfg = Debug|x64
		{16403311-25C6-479B-9868-B396395E14F0}.Debug|x64.Build.0 = Debug|x64
		{16403311-25C6-479B-9868-B396395E14F0}.Debug|x86.ActiveCfg = Debug|Win32
		{16403311-25C6-479B-9868-B396395E14F0}.Debug|x86.Build.0 = Debug|Win32
		{16403311-25C6-479B-9868-B396395E14F0}.Release|x64.ActiveCfg = Release|x64
		{16403311-25C6-479B-9868-B396395E14F0}.Release|x64.Build.0 = Release|x64
		{16403311-25C6-479B-9868-B396395E14F0}.Release|x86.ActiveCfg = Release|Win32
		{16403311-25C6-479B-9868-B396395E14F0}.Release|x86.Build.0 = Release|Win32
		{ACEC220A-F58A-459B-93DD-C8B65983AA68}.Debug|x64.ActiveCfg = Debug|x64
		{ACEC220A-F58A-459B-93DD-C8B65983AA68}.Debug|x64.Build.0 = Debug|x64
		{ACEC220A-F58A-459B-93DD-C8B65983AA68}.Debug|x86.ActiveCfg = Debug|Win32
		{ACEC220A-F58A-459B-93DD-C8B65983AA68}.Debug|x86.Build.0 = Debug|Win32
		{ACEC220A-F58A-459B-93DD-C8B65983AA68}.Release|x64.ActiveCfg = Release|x64
		{ACEC220A-F58A-459B-93DD-C8B65983AA68}.Release|x64.Build.0 = Release|x64
		{ACEC220A-F58A-459B-93DD-C8B65983AA68}.Release|x86.ActiveCfg = Release|Win32
		{ACEC220A-F58A-459B-93DD-C8B65983AA68}.Release|x86.Build.0 = Release|Win32
	EndGlobalSection
	GlobalSection(SolutionProperties) = preSolution
		HideSolutionNode = FALSE
	EndGlobalSection
	GlobalSection(ExtensibilityGlobals) = postSolution
		SolutionGuid = {022861A5-DB51-4EA1-B991-6862EF4089DA}
	EndGlobalSection
EndGlobal
